// !$*UTF8*$!
{
	archiveVersion = 1;
	classes = {
	};
	objectVersion = 50;
	objects = {

/* Begin PBXBuildFile section */
		1E6EA3DA2622929800EF12DE /* Todo_ListApp.swift in Sources */ = {isa = PBXBuildFile; fileRef = 1E6EA3D92622929800EF12DE /* Todo_ListApp.swift */; };
		1E6EA3DC2622929800EF12DE /* ContentView.swift in Sources */ = {isa = PBXBuildFile; fileRef = 1E6EA3DB2622929800EF12DE /* ContentView.swift */; };
		1E6EA3DE2622929800EF12DE /* Assets.xcassets in Resources */ = {isa = PBXBuildFile; fileRef = 1E6EA3DD2622929800EF12DE /* Assets.xcassets */; };
		1E6EA3E12622929800EF12DE /* Preview Assets.xcassets in Resources */ = {isa = PBXBuildFile; fileRef = 1E6EA3E02622929800EF12DE /* Preview Assets.xcassets */; };
		1E6EA3E32622929800EF12DE /* Persistence.swift in Sources */ = {isa = PBXBuildFile; fileRef = 1E6EA3E22622929800EF12DE /* Persistence.swift */; };
		1E6EA3E62622929800EF12DE /* Todo_List.xcdatamodeld in Sources */ = {isa = PBXBuildFile; fileRef = 1E6EA3E42622929800EF12DE /* Todo_List.xcdatamodeld */; };
		1E6EA3F12622933F00EF12DE /* sound-rise.mp3 in Resources */ = {isa = PBXBuildFile; fileRef = 1E6EA3EE2622933F00EF12DE /* sound-rise.mp3 */; };
		1E6EA3F22622933F00EF12DE /* sound-tap.mp3 in Resources */ = {isa = PBXBuildFile; fileRef = 1E6EA3EF2622933F00EF12DE /* sound-tap.mp3 */; };
		1E6EA3F32622933F00EF12DE /* sound-ding.mp3 in Resources */ = {isa = PBXBuildFile; fileRef = 1E6EA3F02622933F00EF12DE /* sound-ding.mp3 */; };
		1E6EA4042622A53D00EF12DE /* Constant.swift in Sources */ = {isa = PBXBuildFile; fileRef = 1E6EA4032622A53D00EF12DE /* Constant.swift */; };
		1E6EA4072622BBA100EF12DE /* HideKeyboardExtension.swift in Sources */ = {isa = PBXBuildFile; fileRef = 1E6EA4062622BBA100EF12DE /* HideKeyboardExtension.swift */; };
		1E6EA40A2622C23200EF12DE /* BackgroundImageView.swift in Sources */ = {isa = PBXBuildFile; fileRef = 1E6EA4092622C23200EF12DE /* BackgroundImageView.swift */; };
		1E6EA40D2622C42F00EF12DE /* NewTaskItemView.swift in Sources */ = {isa = PBXBuildFile; fileRef = 1E6EA40C2622C42F00EF12DE /* NewTaskItemView.swift */; };
/* End PBXBuildFile section */

/* Begin PBXFileReference section */
		1E6EA3D62622929800EF12DE /* Todo List.app */ = {isa = PBXFileReference; explicitFileType = wrapper.application; includeInIndex = 0; path = "Todo List.app"; sourceTree = BUILT_PRODUCTS_DIR; };
		1E6EA3D92622929800EF12DE /* Todo_ListApp.swift */ = {isa = PBXFileReference; lastKnownFileType = sourcecode.swift; path = Todo_ListApp.swift; sourceTree = "<group>"; };
		1E6EA3DB2622929800EF12DE /* ContentView.swift */ = {isa = PBXFileReference; lastKnownFileType = sourcecode.swift; path = ContentView.swift; sourceTree = "<group>"; };
		1E6EA3DD2622929800EF12DE /* Assets.xcassets */ = {isa = PBXFileReference; lastKnownFileType = folder.assetcatalog; path = Assets.xcassets; sourceTree = "<group>"; };
		1E6EA3E02622929800EF12DE /* Preview Assets.xcassets */ = {isa = PBXFileReference; lastKnownFileType = folder.assetcatalog; path = "Preview Assets.xcassets"; sourceTree = "<group>"; };
		1E6EA3E22622929800EF12DE /* Persistence.swift */ = {isa = PBXFileReference; lastKnownFileType = sourcecode.swift; path = Persistence.swift; sourceTree = "<group>"; };
		1E6EA3E52622929800EF12DE /* Todo_List.xcdatamodel */ = {isa = PBXFileReference; lastKnownFileType = wrapper.xcdatamodel; path = Todo_List.xcdatamodel; sourceTree = "<group>"; };
		1E6EA3E72622929800EF12DE /* Info.plist */ = {isa = PBXFileReference; lastKnownFileType = text.plist.xml; path = Info.plist; sourceTree = "<group>"; };
		1E6EA3EE2622933F00EF12DE /* sound-rise.mp3 */ = {isa = PBXFileReference; lastKnownFileType = audio.mp3; path = "sound-rise.mp3"; sourceTree = "<group>"; };
		1E6EA3EF2622933F00EF12DE /* sound-tap.mp3 */ = {isa = PBXFileReference; lastKnownFileType = audio.mp3; path = "sound-tap.mp3"; sourceTree = "<group>"; };
		1E6EA3F02622933F00EF12DE /* sound-ding.mp3 */ = {isa = PBXFileReference; lastKnownFileType = audio.mp3; path = "sound-ding.mp3"; sourceTree = "<group>"; };
		1E6EA4032622A53D00EF12DE /* Constant.swift */ = {isa = PBXFileReference; lastKnownFileType = sourcecode.swift; path = Constant.swift; sourceTree = "<group>"; };
		1E6EA4062622BBA100EF12DE /* HideKeyboardExtension.swift */ = {isa = PBXFileReference; lastKnownFileType = sourcecode.swift; path = HideKeyboardExtension.swift; sourceTree = "<group>"; };
		1E6EA4092622C23200EF12DE /* BackgroundImageView.swift */ = {isa = PBXFileReference; lastKnownFileType = sourcecode.swift; path = BackgroundImageView.swift; sourceTree = "<group>"; };
		1E6EA40C2622C42F00EF12DE /* NewTaskItemView.swift */ = {isa = PBXFileReference; lastKnownFileType = sourcecode.swift; path = NewTaskItemView.swift; sourceTree = "<group>"; };
/* End PBXFileReference section */

/* Begin PBXFrameworksBuildPhase section */
		1E6EA3D32622929800EF12DE /* Frameworks */ = {
			isa = PBXFrameworksBuildPhase;
			buildActionMask = 2147483647;
			files = (
			);
			runOnlyForDeploymentPostprocessing = 0;
		};
/* End PBXFrameworksBuildPhase section */

/* Begin PBXGroup section */
		1E6EA3CD2622929800EF12DE = {
			isa = PBXGroup;
			children = (
				1E6EA3D82622929800EF12DE /* Todo List */,
				1E6EA3D72622929800EF12DE /* Products */,
			);
			sourceTree = "<group>";
		};
		1E6EA3D72622929800EF12DE /* Products */ = {
			isa = PBXGroup;
			children = (
				1E6EA3D62622929800EF12DE /* Todo List.app */,
			);
			name = Products;
			sourceTree = "<group>";
		};
		1E6EA3D82622929800EF12DE /* Todo List */ = {
			isa = PBXGroup;
			children = (
				1E6EA3DD2622929800EF12DE /* Assets.xcassets */,
				1E6EA3F82622936800EF12DE /* Extension */,
				1E6EA3E72622929800EF12DE /* Info.plist */,
				1E6EA3FB262293A000EF12DE /* Model */,
				1E6EA3DF2622929800EF12DE /* Preview Content */,
				1E6EA3F52622935500EF12DE /* Sound */,
				1E6EA3FA2622938000EF12DE /* Style */,
				1E6EA3D92622929800EF12DE /* Todo_ListApp.swift */,
				1E6EA3F92622936F00EF12DE /* Utility */,
				1E6EA3F62622936000EF12DE /* View */,
			);
			path = "Todo List";
			sourceTree = "<group>";
		};
		1E6EA3DF2622929800EF12DE /* Preview Content */ = {
			isa = PBXGroup;
			children = (
				1E6EA3E02622929800EF12DE /* Preview Assets.xcassets */,
			);
			path = "Preview Content";
			sourceTree = "<group>";
		};
		1E6EA3F52622935500EF12DE /* Sound */ = {
			isa = PBXGroup;
			children = (
				1E6EA3F02622933F00EF12DE /* sound-ding.mp3 */,
				1E6EA3EE2622933F00EF12DE /* sound-rise.mp3 */,
				1E6EA3EF2622933F00EF12DE /* sound-tap.mp3 */,
			);
			path = Sound;
			sourceTree = "<group>";
		};
		1E6EA3F62622936000EF12DE /* View */ = {
			isa = PBXGroup;
			children = (
				1E6EA3DB2622929800EF12DE /* ContentView.swift */,
				1E6EA4092622C23200EF12DE /* BackgroundImageView.swift */,
				1E6EA40C2622C42F00EF12DE /* NewTaskItemView.swift */,
			);
			path = View;
			sourceTree = "<group>";
		};
		1E6EA3F82622936800EF12DE /* Extension */ = {
			isa = PBXGroup;
			children = (
				1E6EA4062622BBA100EF12DE /* HideKeyboardExtension.swift */,
			);
			path = Extension;
			sourceTree = "<group>";
		};
		1E6EA3F92622936F00EF12DE /* Utility */ = {
			isa = PBXGroup;
			children = (
				1E6EA4032622A53D00EF12DE /* Constant.swift */,
			);
			path = Utility;
			sourceTree = "<group>";
		};
		1E6EA3FA2622938000EF12DE /* Style */ = {
			isa = PBXGroup;
			children = (
			);
			path = Style;
			sourceTree = "<group>";
		};
		1E6EA3FB262293A000EF12DE /* Model */ = {
			isa = PBXGroup;
			children = (
				1E6EA3E22622929800EF12DE /* Persistence.swift */,
				1E6EA3E42622929800EF12DE /* Todo_List.xcdatamodeld */,
			);
			path = Model;
			sourceTree = "<group>";
		};
/* End PBXGroup section */

/* Begin PBXNativeTarget section */
		1E6EA3D52622929800EF12DE /* Todo List */ = {
			isa = PBXNativeTarget;
			buildConfigurationList = 1E6EA3EA2622929800EF12DE /* Build configuration list for PBXNativeTarget "Todo List" */;
			buildPhases = (
				1E6EA3D22622929800EF12DE /* Sources */,
				1E6EA3D32622929800EF12DE /* Frameworks */,
				1E6EA3D42622929800EF12DE /* Resources */,
			);
			buildRules = (
			);
			dependencies = (
			);
			name = "Todo List";
			productName = "Todo List";
			productReference = 1E6EA3D62622929800EF12DE /* Todo List.app */;
			productType = "com.apple.product-type.application";
		};
/* End PBXNativeTarget section */

/* Begin PBXProject section */
		1E6EA3CE2622929800EF12DE /* Project object */ = {
			isa = PBXProject;
			attributes = {
				LastSwiftUpdateCheck = 1240;
				LastUpgradeCheck = 1240;
				TargetAttributes = {
					1E6EA3D52622929800EF12DE = {
						CreatedOnToolsVersion = 12.4;
					};
				};
			};
			buildConfigurationList = 1E6EA3D12622929800EF12DE /* Build configuration list for PBXProject "Todo List" */;
			compatibilityVersion = "Xcode 9.3";
			developmentRegion = en;
			hasScannedForEncodings = 0;
			knownRegions = (
				en,
				Base,
			);
			mainGroup = 1E6EA3CD2622929800EF12DE;
			productRefGroup = 1E6EA3D72622929800EF12DE /* Products */;
			projectDirPath = "";
			projectRoot = "";
			targets = (
				1E6EA3D52622929800EF12DE /* Todo List */,
			);
		};
/* End PBXProject section */

/* Begin PBXResourcesBuildPhase section */
		1E6EA3D42622929800EF12DE /* Resources */ = {
			isa = PBXResourcesBuildPhase;
			buildActionMask = 2147483647;
			files = (
				1E6EA3F32622933F00EF12DE /* sound-ding.mp3 in Resources */,
				1E6EA3F12622933F00EF12DE /* sound-rise.mp3 in Resources */,
				1E6EA3E12622929800EF12DE /* Preview Assets.xcassets in Resources */,
				1E6EA3F22622933F00EF12DE /* sound-tap.mp3 in Resources */,
				1E6EA3DE2622929800EF12DE /* Assets.xcassets in Resources */,
			);
			runOnlyForDeploymentPostprocessing = 0;
		};
/* End PBXResourcesBuildPhase section */

/* Begin PBXSourcesBuildPhase section */
		1E6EA3D22622929800EF12DE /* Sources */ = {
			isa = PBXSourcesBuildPhase;
			buildActionMask = 2147483647;
			files = (
				1E6EA3E32622929800EF12DE /* Persistence.swift in Sources */,
				1E6EA40A2622C23200EF12DE /* BackgroundImageView.swift in Sources */,
				1E6EA3DC2622929800EF12DE /* ContentView.swift in Sources */,
				1E6EA4072622BBA100EF12DE /* HideKeyboardExtension.swift in Sources */,
				1E6EA4042622A53D00EF12DE /* Constant.swift in Sources */,
				1E6EA3DA2622929800EF12DE /* Todo_ListApp.swift in Sources */,
				1E6EA3E62622929800EF12DE /* Todo_List.xcdatamodeld in Sources */,
				1E6EA40D2622C42F00EF12DE /* NewTaskItemView.swift in Sources */,
			);
			runOnlyForDeploymentPostprocessing = 0;
		};
/* End PBXSourcesBuildPhase section */

/* Begin XCBuildConfiguration section */
		1E6EA3E82622929800EF12DE /* Debug */ = {
			isa = XCBuildConfiguration;
			buildSettings = {
				ALWAYS_SEARCH_USER_PATHS = NO;
				CLANG_ANALYZER_NONNULL = YES;
				CLANG_ANALYZER_NUMBER_OBJECT_CONVERSION = YES_AGGRESSIVE;
				CLANG_CXX_LANGUAGE_STANDARD = "gnu++14";
				CLANG_CXX_LIBRARY = "libc++";
				CLANG_ENABLE_MODULES = YES;
				CLANG_ENABLE_OBJC_ARC = YES;
				CLANG_ENABLE_OBJC_WEAK = YES;
				CLANG_WARN_BLOCK_CAPTURE_AUTORELEASING = YES;
				CLANG_WARN_BOOL_CONVERSION = YES;
				CLANG_WARN_COMMA = YES;
				CLANG_WARN_CONSTANT_CONVERSION = YES;
				CLANG_WARN_DEPRECATED_OBJC_IMPLEMENTATIONS = YES;
				CLANG_WARN_DIRECT_OBJC_ISA_USAGE = YES_ERROR;
				CLANG_WARN_DOCUMENTATION_COMMENTS = YES;
				CLANG_WARN_EMPTY_BODY = YES;
				CLANG_WARN_ENUM_CONVERSION = YES;
				CLANG_WARN_INFINITE_RECURSION = YES;
				CLANG_WARN_INT_CONVERSION = YES;
				CLANG_WARN_NON_LITERAL_NULL_CONVERSION = YES;
				CLANG_WARN_OBJC_IMPLICIT_RETAIN_SELF = YES;
				CLANG_WARN_OBJC_LITERAL_CONVERSION = YES;
				CLANG_WARN_OBJC_ROOT_CLASS = YES_ERROR;
				CLANG_WARN_QUOTED_INCLUDE_IN_FRAMEWORK_HEADER = YES;
				CLANG_WARN_RANGE_LOOP_ANALYSIS = YES;
				CLANG_WARN_STRICT_PROTOTYPES = YES;
				CLANG_WARN_SUSPICIOUS_MOVE = YES;
				CLANG_WARN_UNGUARDED_AVAILABILITY = YES_AGGRESSIVE;
				CLANG_WARN_UNREACHABLE_CODE = YES;
				CLANG_WARN__DUPLICATE_METHOD_MATCH = YES;
				COPY_PHASE_STRIP = NO;
				DEBUG_INFORMATION_FORMAT = dwarf;
				ENABLE_STRICT_OBJC_MSGSEND = YES;
				ENABLE_TESTABILITY = YES;
				GCC_C_LANGUAGE_STANDARD = gnu11;
				GCC_DYNAMIC_NO_PIC = NO;
				GCC_NO_COMMON_BLOCKS = YES;
				GCC_OPTIMIZATION_LEVEL = 0;
				GCC_PREPROCESSOR_DEFINITIONS = (
					"DEBUG=1",
					"$(inherited)",
				);
				GCC_WARN_64_TO_32_BIT_CONVERSION = YES;
				GCC_WARN_ABOUT_RETURN_TYPE = YES_ERROR;
				GCC_WARN_UNDECLARED_SELECTOR = YES;
				GCC_WARN_UNINITIALIZED_AUTOS = YES_AGGRESSIVE;
				GCC_WARN_UNUSED_FUNCTION = YES;
				GCC_WARN_UNUSED_VARIABLE = YES;
				IPHONEOS_DEPLOYMENT_TARGET = 14.4;
				MTL_ENABLE_DEBUG_INFO = INCLUDE_SOURCE;
				MTL_FAST_MATH = YES;
				ONLY_ACTIVE_ARCH = YES;
				SDKROOT = iphoneos;
				SWIFT_ACTIVE_COMPILATION_CONDITIONS = DEBUG;
				SWIFT_OPTIMIZATION_LEVEL = "-Onone";
			};
			name = Debug;
		};
		1E6EA3E92622929800EF12DE /* Release */ = {
			isa = XCBuildConfiguration;
			buildSettings = {
				ALWAYS_SEARCH_USER_PATHS = NO;
				CLANG_ANALYZER_NONNULL = YES;
				CLANG_ANALYZER_NUMBER_OBJECT_CONVERSION = YES_AGGRESSIVE;
				CLANG_CXX_LANGUAGE_STANDARD = "gnu++14";
				CLANG_CXX_LIBRARY = "libc++";
				CLANG_ENABLE_MODULES = YES;
				CLANG_ENABLE_OBJC_ARC = YES;
				CLANG_ENABLE_OBJC_WEAK = YES;
				CLANG_WARN_BLOCK_CAPTURE_AUTORELEASING = YES;
				CLANG_WARN_BOOL_CONVERSION = YES;
				CLANG_WARN_COMMA = YES;
				CLANG_WARN_CONSTANT_CONVERSION = YES;
				CLANG_WARN_DEPRECATED_OBJC_IMPLEMENTATIONS = YES;
				CLANG_WARN_DIRECT_OBJC_ISA_USAGE = YES_ERROR;
				CLANG_WARN_DOCUMENTATION_COMMENTS = YES;
				CLANG_WARN_EMPTY_BODY = YES;
				CLANG_WARN_ENUM_CONVERSION = YES;
				CLANG_WARN_INFINITE_RECURSION = YES;
				CLANG_WARN_INT_CONVERSION = YES;
				CLANG_WARN_NON_LITERAL_NULL_CONVERSION = YES;
				CLANG_WARN_OBJC_IMPLICIT_RETAIN_SELF = YES;
				CLANG_WARN_OBJC_LITERAL_CONVERSION = YES;
				CLANG_WARN_OBJC_ROOT_CLASS = YES_ERROR;
				CLANG_WARN_QUOTED_INCLUDE_IN_FRAMEWORK_HEADER = YES;
				CLANG_WARN_RANGE_LOOP_ANALYSIS = YES;
				CLANG_WARN_STRICT_PROTOTYPES = YES;
				CLANG_WARN_SUSPICIOUS_MOVE = YES;
				CLANG_WARN_UNGUARDED_AVAILABILITY = YES_AGGRESSIVE;
				CLANG_WARN_UNREACHABLE_CODE = YES;
				CLANG_WARN__DUPLICATE_METHOD_MATCH = YES;
				COPY_PHASE_STRIP = NO;
				DEBUG_INFORMATION_FORMAT = "dwarf-with-dsym";
				ENABLE_NS_ASSERTIONS = NO;
				ENABLE_STRICT_OBJC_MSGSEND = YES;
				GCC_C_LANGUAGE_STANDARD = gnu11;
				GCC_NO_COMMON_BLOCKS = YES;
				GCC_WARN_64_TO_32_BIT_CONVERSION = YES;
				GCC_WARN_ABOUT_RETURN_TYPE = YES_ERROR;
				GCC_WARN_UNDECLARED_SELECTOR = YES;
				GCC_WARN_UNINITIALIZED_AUTOS = YES_AGGRESSIVE;
				GCC_WARN_UNUSED_FUNCTION = YES;
				GCC_WARN_UNUSED_VARIABLE = YES;
				IPHONEOS_DEPLOYMENT_TARGET = 14.4;
				MTL_ENABLE_DEBUG_INFO = NO;
				MTL_FAST_MATH = YES;
				SDKROOT = iphoneos;
				SWIFT_COMPILATION_MODE = wholemodule;
				SWIFT_OPTIMIZATION_LEVEL = "-O";
				VALIDATE_PRODUCT = YES;
			};
			name = Release;
		};
		1E6EA3EB2622929800EF12DE /* Debug */ = {
			isa = XCBuildConfiguration;
			buildSettings = {
				ASSETCATALOG_COMPILER_APPICON_NAME = AppIcon;
				ASSETCATALOG_COMPILER_GLOBAL_ACCENT_COLOR_NAME = AccentColor;
				CODE_SIGN_STYLE = Automatic;
				DEVELOPMENT_ASSET_PATHS = "\"Todo List/Preview Content\"";
				DEVELOPMENT_TEAM = 975MAWB9JM;
				ENABLE_PREVIEWS = YES;
				INFOPLIST_FILE = "Todo List/Info.plist";
				IPHONEOS_DEPLOYMENT_TARGET = 14.0;
				LD_RUNPATH_SEARCH_PATHS = (
					"$(inherited)",
					"@executable_path/Frameworks",
				);
				PRODUCT_BUNDLE_IDENTIFIER = "com.loipham.Todo-List";
				PRODUCT_NAME = "$(TARGET_NAME)";
				SWIFT_VERSION = 5.0;
				TARGETED_DEVICE_FAMILY = "1,2";
			};
			name = Debug;
		};
		1E6EA3EC2622929800EF12DE /* Release */ = {
			isa = XCBuildConfiguration;
			buildSettings = {
				ASSETCATALOG_COMPILER_APPICON_NAME = AppIcon;
				ASSETCATALOG_COMPILER_GLOBAL_ACCENT_COLOR_NAME = AccentColor;
				CODE_SIGN_STYLE = Automatic;
				DEVELOPMENT_ASSET_PATHS = "\"Todo List/Preview Content\"";
				DEVELOPMENT_TEAM = 975MAWB9JM;
				ENABLE_PREVIEWS = YES;
				INFOPLIST_FILE = "Todo List/Info.plist";
				IPHONEOS_DEPLOYMENT_TARGET = 14.0;
				LD_RUNPATH_SEARCH_PATHS = (
					"$(inherited)",
					"@executable_path/Frameworks",
				);
				PRODUCT_BUNDLE_IDENTIFIER = "com.loipham.Todo-List";
				PRODUCT_NAME = "$(TARGET_NAME)";
				SWIFT_VERSION = 5.0;
				TARGETED_DEVICE_FAMILY = "1,2";
			};
			name = Release;
		};
/* End XCBuildConfiguration section */

/* Begin XCConfigurationList section */
		1E6EA3D12622929800EF12DE /* Build configuration list for PBXProject "Todo List" */ = {
			isa = XCConfigurationList;
			buildConfigurations = (
				1E6EA3E82622929800EF12DE /* Debug */,
				1E6EA3E92622929800EF12DE /* Release */,
			);
			defaultConfigurationIsVisible = 0;
			defaultConfigurationName = Release;
		};
		1E6EA3EA2622929800EF12DE /* Build configuration list for PBXNativeTarget "Todo List" */ = {
			isa = XCConfigurationList;
			buildConfigurations = (
				1E6EA3EB2622929800EF12DE /* Debug */,
				1E6EA3EC2622929800EF12DE /* Release */,
			);
			defaultConfigurationIsVisible = 0;
			defaultConfigurationName = Release;
		};
/* End XCConfigurationList section */

/* Begin XCVersionGroup section */
		1E6EA3E42622929800EF12DE /* Todo_List.xcdatamodeld */ = {
			isa = XCVersionGroup;
			children = (
				1E6EA3E52622929800EF12DE /* Todo_List.xcdatamodel */,
			);
			currentVersion = 1E6EA3E52622929800EF12DE /* Todo_List.xcdatamodel */;
			path = Todo_List.xcdatamodeld;
			sourceTree = "<group>";
			versionGroupType = wrapper.xcdatamodel;
		};
/* End XCVersionGroup section */
	};
	rootObject = 1E6EA3CE2622929800EF12DE /* Project object */;
}
